// !$*UTF8*$!
{
	archiveVersion = 1;
	classes = {
	};
	objectVersion = 52;
	objects = {

/* Begin PBXBuildFile section */
		D72095ED216AAEAE00B1E2F2 /* Simpl.h in CopyFiles */ = {isa = PBXBuildFile; fileRef = D72095EA216AAEAE00B1E2F2 /* Simpl.h */; };
		FCF93C142554372500CD5E62 /* libSimplFingerPrint.a in Sources */ = {isa = PBXBuildFile; fileRef = D72095E8216AAEAD00B1E2F2 /* libSimplFingerPrint.a */; platformFilter = ios; };
		FCF93C162554373F00CD5E62 /* SimplFingerPrint.framework in Frameworks */ = {isa = PBXBuildFile; fileRef = FCF93C152554373F00CD5E62 /* SimplFingerPrint.framework */; platformFilter = ios; };
/* End PBXBuildFile section */

/* Begin PBXCopyFilesBuildPhase section */
		D72095E6216AAEAD00B1E2F2 /* CopyFiles */ = {
			isa = PBXCopyFilesBuildPhase;
			buildActionMask = 2147483647;
			dstPath = "include/$(PRODUCT_NAME)";
			dstSubfolderSpec = 16;
			files = (
				D72095ED216AAEAE00B1E2F2 /* Simpl.h in CopyFiles */,
			);
			runOnlyForDeploymentPostprocessing = 0;
		};
/* End PBXCopyFilesBuildPhase section */

/* Begin PBXFileReference section */
		D72095E8216AAEAD00B1E2F2 /* libSimplFingerPrint.a */ = {isa = PBXFileReference; explicitFileType = archive.ar; includeInIndex = 0; path = libSimplFingerPrint.a; sourceTree = BUILT_PRODUCTS_DIR; };
		D72095EA216AAEAE00B1E2F2 /* Simpl.h */ = {isa = PBXFileReference; lastKnownFileType = sourcecode.c.h; path = Simpl.h; sourceTree = "<group>"; };
		D72095EB216AAEAE00B1E2F2 /* Simpl.m */ = {isa = PBXFileReference; lastKnownFileType = sourcecode.c.objc; path = Simpl.m; sourceTree = "<group>"; };
		FCF93C152554373F00CD5E62 /* SimplFingerPrint.framework */ = {isa = PBXFileReference; lastKnownFileType = wrapper.framework; path = SimplFingerPrint.framework; sourceTree = "<group>"; };
/* End PBXFileReference section */

/* Begin PBXFrameworksBuildPhase section */
		D72095E5216AAEAD00B1E2F2 /* Frameworks */ = {
			isa = PBXFrameworksBuildPhase;
			buildActionMask = 2147483647;
			files = (
				FCF93C162554373F00CD5E62 /* SimplFingerPrint.framework in Frameworks */,
			);
			runOnlyForDeploymentPostprocessing = 0;
		};
/* End PBXFrameworksBuildPhase section */

/* Begin PBXGroup section */
		D72095E9216AAEAD00B1E2F2 /* SimplFingerPrint */ = {
			isa = PBXGroup;
			children = (
				D72095EA216AAEAE00B1E2F2 /* Simpl.h */,
				D72095EB216AAEAE00B1E2F2 /* Simpl.m */,
			);
			path = SimplFingerPrint;
			sourceTree = "<group>";
		};
		D78BDB9C203AFBEF00C08789 = {
			isa = PBXGroup;
			children = (
				D72095E9216AAEAD00B1E2F2 /* SimplFingerPrint */,
				D78BDBA6203AFBEF00C08789 /* Products */,
				D78BDEF5203D3B0B00C08789 /* Frameworks */,
			);
			sourceTree = "<group>";
		};
		D78BDBA6203AFBEF00C08789 /* Products */ = {
			isa = PBXGroup;
			children = (
				D72095E8216AAEAD00B1E2F2 /* libSimplFingerPrint.a */,
			);
			name = Products;
			sourceTree = "<group>";
		};
		D78BDEF5203D3B0B00C08789 /* Frameworks */ = {
			isa = PBXGroup;
			children = (
				FCF93C152554373F00CD5E62 /* SimplFingerPrint.framework */,
			);
			name = Frameworks;
			sourceTree = "<group>";
		};
/* End PBXGroup section */

/* Begin PBXNativeTarget section */
		D72095E7216AAEAD00B1E2F2 /* SimplFingerPrint */ = {
			isa = PBXNativeTarget;
			buildConfigurationList = D72095EE216AAEAE00B1E2F2 /* Build configuration list for PBXNativeTarget "SimplFingerPrint" */;
			buildPhases = (
				D72095E4216AAEAD00B1E2F2 /* Sources */,
				D72095E5216AAEAD00B1E2F2 /* Frameworks */,
				D72095E6216AAEAD00B1E2F2 /* CopyFiles */,
			);
			buildRules = (
			);
			dependencies = (
			);
			name = SimplFingerPrint;
			productName = SimplFingerPrint;
			productReference = D72095E8216AAEAD00B1E2F2 /* libSimplFingerPrint.a */;
			productType = "com.apple.product-type.library.static";
		};
/* End PBXNativeTarget section */

/* Begin PBXProject section */
		D78BDB9D203AFBEF00C08789 /* Project object */ = {
			isa = PBXProject;
			attributes = {
				LastUpgradeCheck = 0920;
				ORGANIZATIONNAME = Devarajan;
				TargetAttributes = {
					D72095E7216AAEAD00B1E2F2 = {
						CreatedOnToolsVersion = 10.0;
						ProvisioningStyle = Automatic;
					};
				};
			};
			buildConfigurationList = D78BDBA0203AFBEF00C08789 /* Build configuration list for PBXProject "SimplSdk" */;
			compatibilityVersion = "Xcode 8.0";
			developmentRegion = en;
			hasScannedForEncodings = 0;
			knownRegions = (
				en,
			);
			mainGroup = D78BDB9C203AFBEF00C08789;
			productRefGroup = D78BDBA6203AFBEF00C08789 /* Products */;
			projectDirPath = "";
			projectRoot = "";
			targets = (
				D72095E7216AAEAD00B1E2F2 /* SimplFingerPrint */,
			);
		};
/* End PBXProject section */

/* Begin PBXSourcesBuildPhase section */
		D72095E4216AAEAD00B1E2F2 /* Sources */ = {
			isa = PBXSourcesBuildPhase;
			buildActionMask = 2147483647;
			files = (
				FCF93C142554372500CD5E62 /* libSimplFingerPrint.a in Sources */,
			);
			runOnlyForDeploymentPostprocessing = 0;
		};
/* End PBXSourcesBuildPhase section */

/* Begin XCBuildConfiguration section */
		D72095EF216AAEAE00B1E2F2 /* Debug */ = {
			isa = XCBuildConfiguration;
			buildSettings = {
				CLANG_ENABLE_OBJC_WEAK = YES;
				CLANG_WARN_DEPRECATED_OBJC_IMPLEMENTATIONS = YES;
				CLANG_WARN_OBJC_IMPLICIT_RETAIN_SELF = YES;
				CODE_SIGN_STYLE = Automatic;
				DEVELOPMENT_TEAM = 2DK64UJW83;
				FRAMEWORK_SEARCH_PATHS = (
					"$(inherited)",
					"$(PROJECT_DIR)",
				);
				IPHONEOS_DEPLOYMENT_TARGET = 12.0;
				MTL_ENABLE_DEBUG_INFO = INCLUDE_SOURCE;
				MTL_FAST_MATH = YES;
				OTHER_LDFLAGS = "-ObjC";
				PRODUCT_NAME = "$(TARGET_NAME)";
				SKIP_INSTALL = YES;
				TARGETED_DEVICE_FAMILY = "1,2";
			};
			name = Debug;
		};
		D72095F0216AAEAE00B1E2F2 /* Release */ = {
			isa = XCBuildConfiguration;
			buildSettings = {
				CLANG_ENABLE_OBJC_WEAK = YES;
				CLANG_WARN_DEPRECATED_OBJC_IMPLEMENTATIONS = YES;
				CLANG_WARN_OBJC_IMPLICIT_RETAIN_SELF = YES;
				CODE_SIGN_STYLE = Automatic;
				DEVELOPMENT_TEAM = 2DK64UJW83;
				FRAMEWORK_SEARCH_PATHS = (
					"$(inherited)",
					"$(PROJECT_DIR)",
				);
				IPHONEOS_DEPLOYMENT_TARGET = 12.0;
				MTL_FAST_MATH = YES;
				OTHER_LDFLAGS = "-ObjC";
				PRODUCT_NAME = "$(TARGET_NAME)";
				SKIP_INSTALL = YES;
				TARGETED_DEVICE_FAMILY = "1,2";
			};
			name = Release;
		};
		D78BDBAC203AFBEF00C08789 /* Debug */ = {
			isa = XCBuildConfiguration;
			buildSettings = {
				ALWAYS_SEARCH_USER_PATHS = NO;
				CLANG_ANALYZER_NONNULL = YES;
				CLANG_ANALYZER_NUMBER_OBJECT_CONVERSION = YES_AGGRESSIVE;
				CLANG_CXX_LANGUAGE_STANDARD = "gnu++14";
				CLANG_CXX_LIBRARY = "libc++";
				CLANG_ENABLE_MODULES = YES;
				CLANG_ENABLE_OBJC_ARC = YES;
				CLANG_WARN_BLOCK_CAPTURE_AUTORELEASING = YES;
				CLANG_WARN_BOOL_CONVERSION = YES;
				CLANG_WARN_COMMA = YES;
				CLANG_WARN_CONSTANT_CONVERSION = YES;
				CLANG_WARN_DIRECT_OBJC_ISA_USAGE = YES_ERROR;
				CLANG_WARN_DOCUMENTATION_COMMENTS = YES;
				CLANG_WARN_EMPTY_BODY = YES;
				CLANG_WARN_ENUM_CONVERSION = YES;
				CLANG_WARN_INFINITE_RECURSION = YES;
				CLANG_WARN_INT_CONVERSION = YES;
				CLANG_WARN_NON_LITERAL_NULL_CONVERSION = YES;
				CLANG_WARN_OBJC_LITERAL_CONVERSION = YES;
				CLANG_WARN_OBJC_ROOT_CLASS = YES_ERROR;
				CLANG_WARN_RANGE_LOOP_ANALYSIS = YES;
				CLANG_WARN_STRICT_PROTOTYPES = YES;
				CLANG_WARN_SUSPICIOUS_MOVE = YES;
				CLANG_WARN_UNGUARDED_AVAILABILITY = YES_AGGRESSIVE;
				CLANG_WARN_UNREACHABLE_CODE = YES;
				CLANG_WARN__DUPLICATE_METHOD_MATCH = YES;
				CODE_SIGN_IDENTITY = "iPhone Developer";
				COPY_PHASE_STRIP = NO;
				DEBUG_INFORMATION_FORMAT = dwarf;
				ENABLE_STRICT_OBJC_MSGSEND = YES;
				ENABLE_TESTABILITY = YES;
				GCC_C_LANGUAGE_STANDARD = gnu11;
				GCC_DYNAMIC_NO_PIC = NO;
				GCC_NO_COMMON_BLOCKS = YES;
				GCC_OPTIMIZATION_LEVEL = 0;
				GCC_PREPROCESSOR_DEFINITIONS = (
					"DEBUG=1",
					"$(inherited)",
				);
				GCC_WARN_64_TO_32_BIT_CONVERSION = YES;
				GCC_WARN_ABOUT_RETURN_TYPE = YES_ERROR;
				GCC_WARN_UNDECLARED_SELECTOR = YES;
				GCC_WARN_UNINITIALIZED_AUTOS = YES_AGGRESSIVE;
				GCC_WARN_UNUSED_FUNCTION = YES;
				GCC_WARN_UNUSED_VARIABLE = YES;
				IPHONEOS_DEPLOYMENT_TARGET = 8.0;
				MTL_ENABLE_DEBUG_INFO = YES;
				ONLY_ACTIVE_ARCH = YES;
				SDKROOT = iphoneos;
			};
			name = Debug;
		};
		D78BDBAD203AFBEF00C08789 /* Release */ = {
			isa = XCBuildConfiguration;
			buildSettings = {
				ALWAYS_SEARCH_USER_PATHS = NO;
				CLANG_ANALYZER_NONNULL = YES;
				CLANG_ANALYZER_NUMBER_OBJECT_CONVERSION = YES_AGGRESSIVE;
				CLANG_CXX_LANGUAGE_STANDARD = "gnu++14";
				CLANG_CXX_LIBRARY = "libc++";
				CLANG_ENABLE_MODULES = YES;
				CLANG_ENABLE_OBJC_ARC = YES;
				CLANG_WARN_BLOCK_CAPTURE_AUTORELEASING = YES;
				CLANG_WARN_BOOL_CONVERSION = YES;
				CLANG_WARN_COMMA = YES;
				CLANG_WARN_CONSTANT_CONVERSION = YES;
				CLANG_WARN_DIRECT_OBJC_ISA_USAGE = YES_ERROR;
				CLANG_WARN_DOCUMENTATION_COMMENTS = YES;
				CLANG_WARN_EMPTY_BODY = YES;
				CLANG_WARN_ENUM_CONVERSION = YES;
				CLANG_WARN_INFINITE_RECURSION = YES;
				CLANG_WARN_INT_CONVERSION = YES;
				CLANG_WARN_NON_LITERAL_NULL_CONVERSION = YES;
				CLANG_WARN_OBJC_LITERAL_CONVERSION = YES;
				CLANG_WARN_OBJC_ROOT_CLASS = YES_ERROR;
				CLANG_WARN_RANGE_LOOP_ANALYSIS = YES;
				CLANG_WARN_STRICT_PROTOTYPES = YES;
				CLANG_WARN_SUSPICIOUS_MOVE = YES;
				CLANG_WARN_UNGUARDED_AVAILABILITY = YES_AGGRESSIVE;
				CLANG_WARN_UNREACHABLE_CODE = YES;
				CLANG_WARN__DUPLICATE_METHOD_MATCH = YES;
				CODE_SIGN_IDENTITY = "iPhone Developer";
				COPY_PHASE_STRIP = NO;
				DEBUG_INFORMATION_FORMAT = "dwarf-with-dsym";
				ENABLE_NS_ASSERTIONS = NO;
				ENABLE_STRICT_OBJC_MSGSEND = YES;
				GCC_C_LANGUAGE_STANDARD = gnu11;
				GCC_NO_COMMON_BLOCKS = YES;
				GCC_WARN_64_TO_32_BIT_CONVERSION = YES;
				GCC_WARN_ABOUT_RETURN_TYPE = YES_ERROR;
				GCC_WARN_UNDECLARED_SELECTOR = YES;
				GCC_WARN_UNINITIALIZED_AUTOS = YES_AGGRESSIVE;
				GCC_WARN_UNUSED_FUNCTION = YES;
				GCC_WARN_UNUSED_VARIABLE = YES;
				IPHONEOS_DEPLOYMENT_TARGET = 8.0;
				MTL_ENABLE_DEBUG_INFO = NO;
				SDKROOT = iphoneos;
				VALIDATE_PRODUCT = YES;
			};
			name = Release;
		};
/* End XCBuildConfiguration section */

/* Begin XCConfigurationList section */
		D72095EE216AAEAE00B1E2F2 /* Build configuration list for PBXNativeTarget "SimplFingerPrint" */ = {
			isa = XCConfigurationList;
			buildConfigurations = (
				D72095EF216AAEAE00B1E2F2 /* Debug */,
				D72095F0216AAEAE00B1E2F2 /* Release */,
			);
			defaultConfigurationIsVisible = 0;
			defaultConfigurationName = Release;
		};
		D78BDBA0203AFBEF00C08789 /* Build configuration list for PBXProject "SimplSdk" */ = {
			isa = XCConfigurationList;
			buildConfigurations = (
				D78BDBAC203AFBEF00C08789 /* Debug */,
				D78BDBAD203AFBEF00C08789 /* Release */,
			);
			defaultConfigurationIsVisible = 0;
			defaultConfigurationName = Release;
		};
/* End XCConfigurationList section */
	};
	rootObject = D78BDB9D203AFBEF00C08789 /* Project object */;
}
